
Microsoft Visual Studio Solution File, Format Version 11.00
# Visual Studio 2010
Project("{FAE04EC0-301F-11D3-BF4B-00C04F79EFBC}") = "Assembly-CSharp", "Assembly-CSharp.csproj", "{EECB7720-D969-DDC3-B6A0-37AE828FB669}"
EndProject
Project("{FAE04EC0-301F-11D3-BF4B-00C04F79EFBC}") = "Assembly-CSharp-Editor", "Assembly-CSharp-Editor.csproj", "{4D7B6597-72E3-E660-310F-821B2CD71A5C}"
EndProject
Global
	GlobalSection(SolutionConfigurationPlatforms) = preSolution
		Debug|Any CPU = Debug|Any CPU
		Release|Any CPU = Release|Any CPU
	EndGlobalSection
	GlobalSection(ProjectConfigurationPlatforms) = postSolution
		{EECB7720-D969-DDC3-B6A0-37AE828FB669}.Debug|Any CPU.ActiveCfg = Debug|Any CPU
		{EECB7720-D969-DDC3-B6A0-37AE828FB669}.Debug|Any CPU.Build.0 = Debug|Any CPU
		{EECB7720-D969-DDC3-B6A0-37AE828FB669}.Release|Any CPU.ActiveCfg = Release|Any CPU
		{EECB7720-D969-DDC3-B6A0-37AE828FB669}.Release|Any CPU.Build.0 = Release|Any CPU
		{4D7B6597-72E3-E660-310F-821B2CD71A5C}.Debug|Any CPU.ActiveCfg = Debug|Any CPU
		{4D7B6597-72E3-E660-310F-821B2CD71A5C}.Debug|Any CPU.Build.0 = Debug|Any CPU
		{4D7B6597-72E3-E660-310F-821B2CD71A5C}.Release|Any CPU.ActiveCfg = Release|Any CPU
		{4D7B6597-72E3-E660-310F-821B2CD71A5C}.Release|Any CPU.Build.0 = Release|Any CPU
	EndGlobalSection
	GlobalSection(SolutionProperties) = preSolution
		HideSolutionNode = FALSE
	EndGlobalSection
EndGlobal
